
Microsoft Visual Studio Solution File, Format Version 12.00
# Visual Studio Version 17
VisualStudioVersion = 17.8.34525.116
MinimumVisualStudioVersion = 10.0.40219.1
Project("{FAE04EC0-301F-11D3-BF4B-00C04F79EFBC}") = "ExemploAula", "ExemploAula\ExemploAula.csproj", "{295879D9-8C0C-4607-82FC-DB5C0FAA68DF}"
EndProject
Global
	GlobalSection(SolutionConfigurationPlatforms) = preSolution
		Debug|Any CPU = Debug|Any CPU
		Release|Any CPU = Release|Any CPU
	EndGlobalSection
	GlobalSection(ProjectConfigurationPlatforms) = postSolution
		{295879D9-8C0C-4607-82FC-DB5C0FAA68DF}.Debug|Any CPU.ActiveCfg = Debug|Any CPU
		{295879D9-8C0C-4607-82FC-DB5C0FAA68DF}.Debug|Any CPU.Build.0 = Debug|Any CPU
		{295879D9-8C0C-4607-82FC-DB5C0FAA68DF}.Release|Any CPU.ActiveCfg = Release|Any CPU
		{295879D9-8C0C-4607-82FC-DB5C0FAA68DF}.Release|Any CPU.Build.0 = Release|Any CPU
	EndGlobalSection
	GlobalSection(SolutionProperties) = preSolution
		HideSolutionNode = FALSE
	EndGlobalSection
	GlobalSection(ExtensibilityGlobals) = postSolution
		SolutionGuid = {717736BB-400B-43E8-AD61-588D8F567E24}
	EndGlobalSection
EndGlobal
